Microsoft Visual Studio Solution File, Format Version 12.00
# Visual Studio Version 17
VisualStudioVersion = 17.5.2.0
MinimumVisualStudioVersion = 10.0.40219.1
Project("{2150E333-8FDC-42A3-9474-1A3956D46DE8}") = "samples", "samples", "{5D20AA90-6969-D8BD-9DCD-8634F4692FDA}"
EndProject
Project("{2150E333-8FDC-42A3-9474-1A3956D46DE8}") = "src", "src", "{827E0CD3-B72D-47B6-A68D-7590B98EB39B}"
EndProject
Project("{FAE04EC0-301F-11D3-BF4B-00C04F79EFBC}") = "TemplateBot", "samples\TemplateBot\TemplateBot.csproj", "{B71EAF48-6572-A599-1EED-A57A02A39B97}"
EndProject
Project("{2150E333-8FDC-42A3-9474-1A3956D46DE8}") = "sample-bots-csharp-0.30.0", "sample-bots-csharp-0.30.0", "{5CFA834D-333D-FA5C-3E21-356BFCAED823}"
EndProject
Project("{FAE04EC0-301F-11D3-BF4B-00C04F79EFBC}") = "Corners", "samples\sample-bots-csharp-0.30.0\Corners\Corners.csproj", "{891BCCC9-2372-51A9-963E-D587510BB274}"
EndProject
Project("{FAE04EC0-301F-11D3-BF4B-00C04F79EFBC}") = "Crazy", "samples\sample-bots-csharp-0.30.0\Crazy\Crazy.csproj", "{FAA389DE-892B-CB49-35C6-FD8ECDFCBEEA}"
EndProject
Project("{FAE04EC0-301F-11D3-BF4B-00C04F79EFBC}") = "Fire", "samples\sample-bots-csharp-0.30.0\Fire\Fire.csproj", "{52526D39-5F4D-C79F-EC56-9945FECBE3E4}"
EndProject
Project("{FAE04EC0-301F-11D3-BF4B-00C04F79EFBC}") = "MyFirstBot", "samples\sample-bots-csharp-0.30.0\MyFirstBot\MyFirstBot.csproj", "{42B3FEAB-2E9F-3215-292D-76A55B77CB2B}"
EndProject
Project("{FAE04EC0-301F-11D3-BF4B-00C04F79EFBC}") = "MyFirstDroid", "samples\sample-bots-csharp-0.30.0\MyFirstDroid\MyFirstDroid.csproj", "{C907D157-0910-12BD-7658-6F056E3EF238}"
EndProject
Project("{FAE04EC0-301F-11D3-BF4B-00C04F79EFBC}") = "MyFirstLeader", "samples\sample-bots-csharp-0.30.0\MyFirstLeader\MyFirstLeader.csproj", "{47B7CCC4-6BA8-3D2B-B96C-191BBC936A0F}"
EndProject
Project("{FAE04EC0-301F-11D3-BF4B-00C04F79EFBC}") = "PaintingBot", "samples\sample-bots-csharp-0.30.0\PaintingBot\PaintingBot.csproj", "{9631CBE7-94F6-C018-DDFA-2DC1A16E2787}"
EndProject
Project("{FAE04EC0-301F-11D3-BF4B-00C04F79EFBC}") = "RamFire", "samples\sample-bots-csharp-0.30.0\RamFire\RamFire.csproj", "{82F1790D-2AEA-BB1F-8ACA-E01CB9775392}"
EndProject
Project("{FAE04EC0-301F-11D3-BF4B-00C04F79EFBC}") = "SpinBot", "samples\sample-bots-csharp-0.30.0\SpinBot\SpinBot.csproj", "{DE4BDAB9-88DA-B465-DB21-FF846D8B2B4F}"
EndProject
Project("{FAE04EC0-301F-11D3-BF4B-00C04F79EFBC}") = "Target", "samples\sample-bots-csharp-0.30.0\Target\Target.csproj", "{379265FE-1FD8-32BD-6942-2A5B0EC9EFF1}"
EndProject
Project("{FAE04EC0-301F-11D3-BF4B-00C04F79EFBC}") = "TrackFire", "samples\sample-bots-csharp-0.30.0\TrackFire\TrackFire.csproj", "{02F12DE8-3AEA-B0C6-F40A-CE7669A4F129}"
EndProject
Project("{FAE04EC0-301F-11D3-BF4B-00C04F79EFBC}") = "VelocityBot", "samples\sample-bots-csharp-0.30.0\VelocityBot\VelocityBot.csproj", "{1F15C029-AAC0-0DC7-8D6F-8E668785FE27}"
EndProject
Project("{FAE04EC0-301F-11D3-BF4B-00C04F79EFBC}") = "Walls", "samples\sample-bots-csharp-0.30.0\Walls\Walls.csproj", "{7ADD54D2-0049-4DF8-88CF-05FABA0D59D7}"
EndProject
Project("{2150E333-8FDC-42A3-9474-1A3956D46DE8}") = "alternative-bots", "alternative-bots", "{A3963A42-BA02-1665-FEE3-9A6867D26CB0}"
EndProject
Project("{FAE04EC0-301F-11D3-BF4B-00C04F79EFBC}") = "Quack", "src\alternative-bots\Quack\Quack.csproj", "{0CA9CCCD-45BE-BEEB-2707-B1321238E7B6}"
EndProject
Global
	GlobalSection(SolutionConfigurationPlatforms) = preSolution
		Debug|Any CPU = Debug|Any CPU
		Release|Any CPU = Release|Any CPU
	EndGlobalSection
	GlobalSection(ProjectConfigurationPlatforms) = postSolution
		{B71EAF48-6572-A599-1EED-A57A02A39B97}.Debug|Any CPU.ActiveCfg = Debug|Any CPU
		{B71EAF48-6572-A599-1EED-A57A02A39B97}.Debug|Any CPU.Build.0 = Debug|Any CPU
		{B71EAF48-6572-A599-1EED-A57A02A39B97}.Release|Any CPU.ActiveCfg = Release|Any CPU
		{B71EAF48-6572-A599-1EED-A57A02A39B97}.Release|Any CPU.Build.0 = Release|Any CPU
		{891BCCC9-2372-51A9-963E-D587510BB274}.Debug|Any CPU.ActiveCfg = Debug|Any CPU
		{891BCCC9-2372-51A9-963E-D587510BB274}.Debug|Any CPU.Build.0 = Debug|Any CPU
		{891BCCC9-2372-51A9-963E-D587510BB274}.Release|Any CPU.ActiveCfg = Release|Any CPU
		{891BCCC9-2372-51A9-963E-D587510BB274}.Release|Any CPU.Build.0 = Release|Any CPU
		{FAA389DE-892B-CB49-35C6-FD8ECDFCBEEA}.Debug|Any CPU.ActiveCfg = Debug|Any CPU
		{FAA389DE-892B-CB49-35C6-FD8ECDFCBEEA}.Debug|Any CPU.Build.0 = Debug|Any CPU
		{FAA389DE-892B-CB49-35C6-FD8ECDFCBEEA}.Release|Any CPU.ActiveCfg = Release|Any CPU
		{FAA389DE-892B-CB49-35C6-FD8ECDFCBEEA}.Release|Any CPU.Build.0 = Release|Any CPU
		{52526D39-5F4D-C79F-EC56-9945FECBE3E4}.Debug|Any CPU.ActiveCfg = Debug|Any CPU
		{52526D39-5F4D-C79F-EC56-9945FECBE3E4}.Debug|Any CPU.Build.0 = Debug|Any CPU
		{52526D39-5F4D-C79F-EC56-9945FECBE3E4}.Release|Any CPU.ActiveCfg = Release|Any CPU
		{52526D39-5F4D-C79F-EC56-9945FECBE3E4}.Release|Any CPU.Build.0 = Release|Any CPU
		{42B3FEAB-2E9F-3215-292D-76A55B77CB2B}.Debug|Any CPU.ActiveCfg = Debug|Any CPU
		{42B3FEAB-2E9F-3215-292D-76A55B77CB2B}.Debug|Any CPU.Build.0 = Debug|Any CPU
		{42B3FEAB-2E9F-3215-292D-76A55B77CB2B}.Release|Any CPU.ActiveCfg = Release|Any CPU
		{42B3FEAB-2E9F-3215-292D-76A55B77CB2B}.Release|Any CPU.Build.0 = Release|Any CPU
		{C907D157-0910-12BD-7658-6F056E3EF238}.Debug|Any CPU.ActiveCfg = Debug|Any CPU
		{C907D157-0910-12BD-7658-6F056E3EF238}.Debug|Any CPU.Build.0 = Debug|Any CPU
		{C907D157-0910-12BD-7658-6F056E3EF238}.Release|Any CPU.ActiveCfg = Release|Any CPU
		{C907D157-0910-12BD-7658-6F056E3EF238}.Release|Any CPU.Build.0 = Release|Any CPU
		{47B7CCC4-6BA8-3D2B-B96C-191BBC936A0F}.Debug|Any CPU.ActiveCfg = Debug|Any CPU
		{47B7CCC4-6BA8-3D2B-B96C-191BBC936A0F}.Debug|Any CPU.Build.0 = Debug|Any CPU
		{47B7CCC4-6BA8-3D2B-B96C-191BBC936A0F}.Release|Any CPU.ActiveCfg = Release|Any CPU
		{47B7CCC4-6BA8-3D2B-B96C-191BBC936A0F}.Release|Any CPU.Build.0 = Release|Any CPU
		{9631CBE7-94F6-C018-DDFA-2DC1A16E2787}.Debug|Any CPU.ActiveCfg = Debug|Any CPU
		{9631CBE7-94F6-C018-DDFA-2DC1A16E2787}.Debug|Any CPU.Build.0 = Debug|Any CPU
		{9631CBE7-94F6-C018-DDFA-2DC1A16E2787}.Release|Any CPU.ActiveCfg = Release|Any CPU
		{9631CBE7-94F6-C018-DDFA-2DC1A16E2787}.Release|Any CPU.Build.0 = Release|Any CPU
		{82F1790D-2AEA-BB1F-8ACA-E01CB9775392}.Debug|Any CPU.ActiveCfg = Debug|Any CPU
		{82F1790D-2AEA-BB1F-8ACA-E01CB9775392}.Debug|Any CPU.Build.0 = Debug|Any CPU
		{82F1790D-2AEA-BB1F-8ACA-E01CB9775392}.Release|Any CPU.ActiveCfg = Release|Any CPU
		{82F1790D-2AEA-BB1F-8ACA-E01CB9775392}.Release|Any CPU.Build.0 = Release|Any CPU
		{DE4BDAB9-88DA-B465-DB21-FF846D8B2B4F}.Debug|Any CPU.ActiveCfg = Debug|Any CPU
		{DE4BDAB9-88DA-B465-DB21-FF846D8B2B4F}.Debug|Any CPU.Build.0 = Debug|Any CPU
		{DE4BDAB9-88DA-B465-DB21-FF846D8B2B4F}.Release|Any CPU.ActiveCfg = Release|Any CPU
		{DE4BDAB9-88DA-B465-DB21-FF846D8B2B4F}.Release|Any CPU.Build.0 = Release|Any CPU
		{379265FE-1FD8-32BD-6942-2A5B0EC9EFF1}.Debug|Any CPU.ActiveCfg = Debug|Any CPU
		{379265FE-1FD8-32BD-6942-2A5B0EC9EFF1}.Debug|Any CPU.Build.0 = Debug|Any CPU
		{379265FE-1FD8-32BD-6942-2A5B0EC9EFF1}.Release|Any CPU.ActiveCfg = Release|Any CPU
		{379265FE-1FD8-32BD-6942-2A5B0EC9EFF1}.Release|Any CPU.Build.0 = Release|Any CPU
		{02F12DE8-3AEA-B0C6-F40A-CE7669A4F129}.Debug|Any CPU.ActiveCfg = Debug|Any CPU
		{02F12DE8-3AEA-B0C6-F40A-CE7669A4F129}.Debug|Any CPU.Build.0 = Debug|Any CPU
		{02F12DE8-3AEA-B0C6-F40A-CE7669A4F129}.Release|Any CPU.ActiveCfg = Release|Any CPU
		{02F12DE8-3AEA-B0C6-F40A-CE7669A4F129}.Release|Any CPU.Build.0 = Release|Any CPU
		{1F15C029-AAC0-0DC7-8D6F-8E668785FE27}.Debug|Any CPU.ActiveCfg = Debug|Any CPU
		{1F15C029-AAC0-0DC7-8D6F-8E668785FE27}.Debug|Any CPU.Build.0 = Debug|Any CPU
		{1F15C029-AAC0-0DC7-8D6F-8E668785FE27}.Release|Any CPU.ActiveCfg = Release|Any CPU
		{1F15C029-AAC0-0DC7-8D6F-8E668785FE27}.Release|Any CPU.Build.0 = Release|Any CPU
		{7ADD54D2-0049-4DF8-88CF-05FABA0D59D7}.Debug|Any CPU.ActiveCfg = Debug|Any CPU
		{7ADD54D2-0049-4DF8-88CF-05FABA0D59D7}.Debug|Any CPU.Build.0 = Debug|Any CPU
		{7ADD54D2-0049-4DF8-88CF-05FABA0D59D7}.Release|Any CPU.ActiveCfg = Release|Any CPU
		{7ADD54D2-0049-4DF8-88CF-05FABA0D59D7}.Release|Any CPU.Build.0 = Release|Any CPU
		{0CA9CCCD-45BE-BEEB-2707-B1321238E7B6}.Debug|Any CPU.ActiveCfg = Debug|Any CPU
		{0CA9CCCD-45BE-BEEB-2707-B1321238E7B6}.Debug|Any CPU.Build.0 = Debug|Any CPU
		{0CA9CCCD-45BE-BEEB-2707-B1321238E7B6}.Release|Any CPU.ActiveCfg = Release|Any CPU
		{0CA9CCCD-45BE-BEEB-2707-B1321238E7B6}.Release|Any CPU.Build.0 = Release|Any CPU
	EndGlobalSection
	GlobalSection(SolutionProperties) = preSolution
		HideSolutionNode = FALSE
	EndGlobalSection
	GlobalSection(NestedProjects) = preSolution
		{B71EAF48-6572-A599-1EED-A57A02A39B97} = {5D20AA90-6969-D8BD-9DCD-8634F4692FDA}
		{5CFA834D-333D-FA5C-3E21-356BFCAED823} = {5D20AA90-6969-D8BD-9DCD-8634F4692FDA}
		{891BCCC9-2372-51A9-963E-D587510BB274} = {5CFA834D-333D-FA5C-3E21-356BFCAED823}
		{FAA389DE-892B-CB49-35C6-FD8ECDFCBEEA} = {5CFA834D-333D-FA5C-3E21-356BFCAED823}
		{52526D39-5F4D-C79F-EC56-9945FECBE3E4} = {5CFA834D-333D-FA5C-3E21-356BFCAED823}
		{42B3FEAB-2E9F-3215-292D-76A55B77CB2B} = {5CFA834D-333D-FA5C-3E21-356BFCAED823}
		{C907D157-0910-12BD-7658-6F056E3EF238} = {5CFA834D-333D-FA5C-3E21-356BFCAED823}
		{47B7CCC4-6BA8-3D2B-B96C-191BBC936A0F} = {5CFA834D-333D-FA5C-3E21-356BFCAED823}
		{9631CBE7-94F6-C018-DDFA-2DC1A16E2787} = {5CFA834D-333D-FA5C-3E21-356BFCAED823}
		{82F1790D-2AEA-BB1F-8ACA-E01CB9775392} = {5CFA834D-333D-FA5C-3E21-356BFCAED823}
		{DE4BDAB9-88DA-B465-DB21-FF846D8B2B4F} = {5CFA834D-333D-FA5C-3E21-356BFCAED823}
		{379265FE-1FD8-32BD-6942-2A5B0EC9EFF1} = {5CFA834D-333D-FA5C-3E21-356BFCAED823}
		{02F12DE8-3AEA-B0C6-F40A-CE7669A4F129} = {5CFA834D-333D-FA5C-3E21-356BFCAED823}
		{1F15C029-AAC0-0DC7-8D6F-8E668785FE27} = {5CFA834D-333D-FA5C-3E21-356BFCAED823}
		{7ADD54D2-0049-4DF8-88CF-05FABA0D59D7} = {5CFA834D-333D-FA5C-3E21-356BFCAED823}
		{A3963A42-BA02-1665-FEE3-9A6867D26CB0} = {827E0CD3-B72D-47B6-A68D-7590B98EB39B}
		{0CA9CCCD-45BE-BEEB-2707-B1321238E7B6} = {A3963A42-BA02-1665-FEE3-9A6867D26CB0}
	EndGlobalSection
	GlobalSection(ExtensibilityGlobals) = postSolution
		SolutionGuid = {DDF3F42F-4697-442A-B422-B650F518CDA6}
	EndGlobalSection
EndGlobal
